// !$*UTF8*$!
{
	archiveVersion = 1;
	classes = {
	};
	objectVersion = 56;
	objects = {

/* Begin PBXBuildFile section */
		F03D3A862CF5B49E00587B4F /* ImagePicker.swift in Sources */ = {isa = PBXBuildFile; fileRef = F03D3A852CF5B49E00587B4F /* ImagePicker.swift */; };
		F03D3A882CF5BA5500587B4F /* MobileNetV2.mlmodel in Sources */ = {isa = PBXBuildFile; fileRef = F03D3A872CF5BA5500587B4F /* MobileNetV2.mlmodel */; };
		F03D3A8A2CF5FF7D00587B4F /* PhotoModel.swift in Sources */ = {isa = PBXBuildFile; fileRef = F03D3A892CF5FF7D00587B4F /* PhotoModel.swift */; };
		F03D3A912CF7531200587B4F /* UserData.json in Resources */ = {isa = PBXBuildFile; fileRef = F03D3A902CF7531200587B4F /* UserData.json */; };
		F03D3A932CF7668800587B4F /* HomeView.swift in Sources */ = {isa = PBXBuildFile; fileRef = F03D3A922CF7668800587B4F /* HomeView.swift */; };
		F0A694082CB7FD99001AD3ED /* Assets.xcassets in Resources */ = {isa = PBXBuildFile; fileRef = F0A694072CB7FD99001AD3ED /* Assets.xcassets */; };
		F0A6940B2CB7FD99001AD3ED /* Preview Assets.xcassets in Resources */ = {isa = PBXBuildFile; fileRef = F0A6940A2CB7FD99001AD3ED /* Preview Assets.xcassets */; };
		F0A6941E2CBE28BF001AD3ED /* RecipeViewModel.swift in Sources */ = {isa = PBXBuildFile; fileRef = F0A6941D2CBE28BF001AD3ED /* RecipeViewModel.swift */; };
		F0A694202CBE28DE001AD3ED /* RecipeListView.swift in Sources */ = {isa = PBXBuildFile; fileRef = F0A6941F2CBE28DE001AD3ED /* RecipeListView.swift */; };
		F0A694242CBE290F001AD3ED /* RecipeDetailView.swift in Sources */ = {isa = PBXBuildFile; fileRef = F0A694232CBE290F001AD3ED /* RecipeDetailView.swift */; };
		F0AE335B2CF0D94400C390FF /* recipe.json in Resources */ = {isa = PBXBuildFile; fileRef = F0AE33592CF0D94400C390FF /* recipe.json */; };
		F0AE335C2CF0D94400C390FF /* data.json in Resources */ = {isa = PBXBuildFile; fileRef = F0AE335A2CF0D94400C390FF /* data.json */; };
		F0AE335E2CF56B5E00C390FF /* ContentView.swift in Sources */ = {isa = PBXBuildFile; fileRef = F0AE335D2CF56B5E00C390FF /* ContentView.swift */; };
		F0AE33602CF59FA500C390FF /* RecipeRowView.swift in Sources */ = {isa = PBXBuildFile; fileRef = F0AE335F2CF59FA500C390FF /* RecipeRowView.swift */; };
		F0AE33622CF5A9E100C390FF /* SearchView.swift in Sources */ = {isa = PBXBuildFile; fileRef = F0AE33612CF5A9E100C390FF /* SearchView.swift */; };
/* End PBXBuildFile section */

/* Begin PBXFileReference section */
		F03D3A852CF5B49E00587B4F /* ImagePicker.swift */ = {isa = PBXFileReference; lastKnownFileType = sourcecode.swift; path = ImagePicker.swift; sourceTree = "<group>"; };
		F03D3A872CF5BA5500587B4F /* MobileNetV2.mlmodel */ = {isa = PBXFileReference; lastKnownFileType = file.mlmodel; path = MobileNetV2.mlmodel; sourceTree = "<group>"; };
		F03D3A892CF5FF7D00587B4F /* PhotoModel.swift */ = {isa = PBXFileReference; lastKnownFileType = sourcecode.swift; path = PhotoModel.swift; sourceTree = "<group>"; };
		F03D3A8B2CF62DD900587B4F /* Recipe-App-Info.plist */ = {isa = PBXFileReference; lastKnownFileType = text.plist; path = "Recipe-App-Info.plist"; sourceTree = SOURCE_ROOT; };
		F03D3A902CF7531200587B4F /* UserData.json */ = {isa = PBXFileReference; fileEncoding = 4; lastKnownFileType = text.json; path = UserData.json; sourceTree = "<group>"; };
		F03D3A922CF7668800587B4F /* HomeView.swift */ = {isa = PBXFileReference; lastKnownFileType = sourcecode.swift; path = HomeView.swift; sourceTree = "<group>"; };
		F0A694002CB7FD8E001AD3ED /* Recipe App.app */ = {isa = PBXFileReference; explicitFileType = wrapper.application; includeInIndex = 0; path = "Recipe App.app"; sourceTree = BUILT_PRODUCTS_DIR; };
		F0A694072CB7FD99001AD3ED /* Assets.xcassets */ = {isa = PBXFileReference; lastKnownFileType = folder.assetcatalog; path = Assets.xcassets; sourceTree = "<group>"; };
		F0A6940A2CB7FD99001AD3ED /* Preview Assets.xcassets */ = {isa = PBXFileReference; lastKnownFileType = folder.assetcatalog; path = "Preview Assets.xcassets"; sourceTree = "<group>"; };
		F0A6941D2CBE28BF001AD3ED /* RecipeViewModel.swift */ = {isa = PBXFileReference; lastKnownFileType = sourcecode.swift; path = RecipeViewModel.swift; sourceTree = "<group>"; };
		F0A6941F2CBE28DE001AD3ED /* RecipeListView.swift */ = {isa = PBXFileReference; lastKnownFileType = sourcecode.swift; path = RecipeListView.swift; sourceTree = "<group>"; };
		F0A694232CBE290F001AD3ED /* RecipeDetailView.swift */ = {isa = PBXFileReference; lastKnownFileType = sourcecode.swift; path = RecipeDetailView.swift; sourceTree = "<group>"; };
		F0AE33592CF0D94400C390FF /* recipe.json */ = {isa = PBXFileReference; fileEncoding = 4; lastKnownFileType = text.json; name = recipe.json; path = Assets.xcassets/recipe.json; sourceTree = "<group>"; };
		F0AE335A2CF0D94400C390FF /* data.json */ = {isa = PBXFileReference; fileEncoding = 4; lastKnownFileType = text.json; name = data.json; path = Assets.xcassets/data.json; sourceTree = "<group>"; };
		F0AE335D2CF56B5E00C390FF /* ContentView.swift */ = {isa = PBXFileReference; lastKnownFileType = sourcecode.swift; path = ContentView.swift; sourceTree = "<group>"; };
		F0AE335F2CF59FA500C390FF /* RecipeRowView.swift */ = {isa = PBXFileReference; lastKnownFileType = sourcecode.swift; path = RecipeRowView.swift; sourceTree = "<group>"; };
		F0AE33612CF5A9E100C390FF /* SearchView.swift */ = {isa = PBXFileReference; lastKnownFileType = sourcecode.swift; path = SearchView.swift; sourceTree = "<group>"; };
/* End PBXFileReference section */

/* Begin PBXFrameworksBuildPhase section */
		F0A693FD2CB7FD8E001AD3ED /* Frameworks */ = {
			isa = PBXFrameworksBuildPhase;
			buildActionMask = 2147483647;
			files = (
			);
			runOnlyForDeploymentPostprocessing = 0;
		};
/* End PBXFrameworksBuildPhase section */

/* Begin PBXGroup section */
		F0A693F72CB7FD8E001AD3ED = {
			isa = PBXGroup;
			children = (
				F0A694022CB7FD8E001AD3ED /* Recipe App */,
				F0A694012CB7FD8E001AD3ED /* Products */,
			);
			sourceTree = "<group>";
		};
		F0A694012CB7FD8E001AD3ED /* Products */ = {
			isa = PBXGroup;
			children = (
				F0A694002CB7FD8E001AD3ED /* Recipe App.app */,
			);
			name = Products;
			sourceTree = "<group>";
		};
		F0A694022CB7FD8E001AD3ED /* Recipe App */ = {
			isa = PBXGroup;
			children = (
				F03D3A8B2CF62DD900587B4F /* Recipe-App-Info.plist */,
				F0AE335A2CF0D94400C390FF /* data.json */,
				F0AE33592CF0D94400C390FF /* recipe.json */,
				F03D3A902CF7531200587B4F /* UserData.json */,
				F0A6941D2CBE28BF001AD3ED /* RecipeViewModel.swift */,
				F0AE335D2CF56B5E00C390FF /* ContentView.swift */,
				F03D3A922CF7668800587B4F /* HomeView.swift */,
				F03D3A892CF5FF7D00587B4F /* PhotoModel.swift */,
				F0A6941F2CBE28DE001AD3ED /* RecipeListView.swift */,
				F0AE335F2CF59FA500C390FF /* RecipeRowView.swift */,
				F0A694232CBE290F001AD3ED /* RecipeDetailView.swift */,
				F0AE33612CF5A9E100C390FF /* SearchView.swift */,
				F03D3A852CF5B49E00587B4F /* ImagePicker.swift */,
				F03D3A872CF5BA5500587B4F /* MobileNetV2.mlmodel */,
				F0A694072CB7FD99001AD3ED /* Assets.xcassets */,
				F0A694092CB7FD99001AD3ED /* Preview Content */,
			);
			path = "Recipe App";
			sourceTree = "<group>";
		};
		F0A694092CB7FD99001AD3ED /* Preview Content */ = {
			isa = PBXGroup;
			children = (
				F0A6940A2CB7FD99001AD3ED /* Preview Assets.xcassets */,
			);
			path = "Preview Content";
			sourceTree = "<group>";
		};
/* End PBXGroup section */

/* Begin PBXNativeTarget section */
		F0A693FF2CB7FD8E001AD3ED /* Recipe App */ = {
			isa = PBXNativeTarget;
			buildConfigurationList = F0A6940E2CB7FD99001AD3ED /* Build configuration list for PBXNativeTarget "Recipe App" */;
			buildPhases = (
				F0A693FC2CB7FD8E001AD3ED /* Sources */,
				F0A693FD2CB7FD8E001AD3ED /* Frameworks */,
				F0A693FE2CB7FD8E001AD3ED /* Resources */,
			);
			buildRules = (
			);
			dependencies = (
			);
			name = "Recipe App";
			productName = courselist;
			productReference = F0A694002CB7FD8E001AD3ED /* Recipe App.app */;
			productType = "com.apple.product-type.application";
		};
/* End PBXNativeTarget section */

/* Begin PBXProject section */
		F0A693F82CB7FD8E001AD3ED /* Project object */ = {
			isa = PBXProject;
			attributes = {
				BuildIndependentTargetsInParallel = 1;
				LastSwiftUpdateCheck = 1540;
				LastUpgradeCheck = 1540;
				TargetAttributes = {
					F0A693FF2CB7FD8E001AD3ED = {
						CreatedOnToolsVersion = 15.4;
						LastSwiftMigration = 1540;
					};
				};
			};
			buildConfigurationList = F0A693FB2CB7FD8E001AD3ED /* Build configuration list for PBXProject "Recipe App" */;
			compatibilityVersion = "Xcode 14.0";
			developmentRegion = en;
			hasScannedForEncodings = 0;
			knownRegions = (
				en,
				Base,
			);
			mainGroup = F0A693F72CB7FD8E001AD3ED;
			productRefGroup = F0A694012CB7FD8E001AD3ED /* Products */;
			projectDirPath = "";
			projectRoot = "";
			targets = (
				F0A693FF2CB7FD8E001AD3ED /* Recipe App */,
			);
		};
/* End PBXProject section */

/* Begin PBXResourcesBuildPhase section */
		F0A693FE2CB7FD8E001AD3ED /* Resources */ = {
			isa = PBXResourcesBuildPhase;
			buildActionMask = 2147483647;
			files = (
				F0A6940B2CB7FD99001AD3ED /* Preview Assets.xcassets in Resources */,
				F0AE335C2CF0D94400C390FF /* data.json in Resources */,
				F0A694082CB7FD99001AD3ED /* Assets.xcassets in Resources */,
				F0AE335B2CF0D94400C390FF /* recipe.json in Resources */,
				F03D3A912CF7531200587B4F /* UserData.json in Resources */,
			);
			runOnlyForDeploymentPostprocessing = 0;
		};
/* End PBXResourcesBuildPhase section */

/* Begin PBXSourcesBuildPhase section */
		F0A693FC2CB7FD8E001AD3ED /* Sources */ = {
			isa = PBXSourcesBuildPhase;
			buildActionMask = 2147483647;
			files = (
				F03D3A8A2CF5FF7D00587B4F /* PhotoModel.swift in Sources */,
				F0AE33602CF59FA500C390FF /* RecipeRowView.swift in Sources */,
				F0A694242CBE290F001AD3ED /* RecipeDetailView.swift in Sources */,
				F03D3A932CF7668800587B4F /* HomeView.swift in Sources */,
				F03D3A882CF5BA5500587B4F /* MobileNetV2.mlmodel in Sources */,
				F0A694202CBE28DE001AD3ED /* RecipeListView.swift in Sources */,
				F03D3A862CF5B49E00587B4F /* ImagePicker.swift in Sources */,
				F0AE335E2CF56B5E00C390FF /* ContentView.swift in Sources */,
				F0AE33622CF5A9E100C390FF /* SearchView.swift in Sources */,
				F0A6941E2CBE28BF001AD3ED /* RecipeViewModel.swift in Sources */,
			);
			runOnlyForDeploymentPostprocessing = 0;
		};
/* End PBXSourcesBuildPhase section */

/* Begin XCBuildConfiguration section */
		F0A6940C2CB7FD99001AD3ED /* Debug */ = {
			isa = XCBuildConfiguration;
			buildSettings = {
				ALWAYS_SEARCH_USER_PATHS = NO;
				ASSETCATALOG_COMPILER_GENERATE_SWIFT_ASSET_SYMBOL_EXTENSIONS = YES;
				CLANG_ANALYZER_NONNULL = YES;
				CLANG_ANALYZER_NUMBER_OBJECT_CONVERSION = YES_AGGRESSIVE;
				CLANG_CXX_LANGUAGE_STANDARD = "gnu++20";
				CLANG_ENABLE_MODULES = YES;
				CLANG_ENABLE_OBJC_ARC = YES;
				CLANG_ENABLE_OBJC_WEAK = YES;
				CLANG_WARN_BLOCK_CAPTURE_AUTORELEASING = YES;
				CLANG_WARN_BOOL_CONVERSION = YES;
				CLANG_WARN_COMMA = YES;
				CLANG_WARN_CONSTANT_CONVERSION = YES;
				CLANG_WARN_DEPRECATED_OBJC_IMPLEMENTATIONS = YES;
				CLANG_WARN_DIRECT_OBJC_ISA_USAGE = YES_ERROR;
				CLANG_WARN_DOCUMENTATION_COMMENTS = YES;
				CLANG_WARN_EMPTY_BODY = YES;
				CLANG_WARN_ENUM_CONVERSION = YES;
				CLANG_WARN_INFINITE_RECURSION = YES;
				CLANG_WARN_INT_CONVERSION = YES;
				CLANG_WARN_NON_LITERAL_NULL_CONVERSION = YES;
				CLANG_WARN_OBJC_IMPLICIT_RETAIN_SELF = YES;
				CLANG_WARN_OBJC_LITERAL_CONVERSION = YES;
				CLANG_WARN_OBJC_ROOT_CLASS = YES_ERROR;
				CLANG_WARN_QUOTED_INCLUDE_IN_FRAMEWORK_HEADER = YES;
				CLANG_WARN_RANGE_LOOP_ANALYSIS = YES;
				CLANG_WARN_STRICT_PROTOTYPES = YES;
				CLANG_WARN_SUSPICIOUS_MOVE = YES;
				CLANG_WARN_UNGUARDED_AVAILABILITY = YES_AGGRESSIVE;
				CLANG_WARN_UNREACHABLE_CODE = YES;
				CLANG_WARN__DUPLICATE_METHOD_MATCH = YES;
				COPY_PHASE_STRIP = NO;
				DEBUG_INFORMATION_FORMAT = dwarf;
				ENABLE_STRICT_OBJC_MSGSEND = YES;
				ENABLE_TESTABILITY = YES;
				ENABLE_USER_SCRIPT_SANDBOXING = YES;
				GCC_C_LANGUAGE_STANDARD = gnu17;
				GCC_DYNAMIC_NO_PIC = NO;
				GCC_NO_COMMON_BLOCKS = YES;
				GCC_OPTIMIZATION_LEVEL = 0;
				GCC_PREPROCESSOR_DEFINITIONS = (
					"DEBUG=1",
					"$(inherited)",
				);
				GCC_WARN_64_TO_32_BIT_CONVERSION = YES;
				GCC_WARN_ABOUT_RETURN_TYPE = YES_ERROR;
				GCC_WARN_UNDECLARED_SELECTOR = YES;
				GCC_WARN_UNINITIALIZED_AUTOS = YES_AGGRESSIVE;
				GCC_WARN_UNUSED_FUNCTION = YES;
				GCC_WARN_UNUSED_VARIABLE = YES;
				IPHONEOS_DEPLOYMENT_TARGET = 17.5;
				LOCALIZATION_PREFERS_STRING_CATALOGS = YES;
				MTL_ENABLE_DEBUG_INFO = INCLUDE_SOURCE;
				MTL_FAST_MATH = YES;
				ONLY_ACTIVE_ARCH = YES;
				SDKROOT = iphoneos;
				SWIFT_ACTIVE_COMPILATION_CONDITIONS = "DEBUG $(inherited)";
				SWIFT_OPTIMIZATION_LEVEL = "-Onone";
			};
			name = Debug;
		};
		F0A6940D2CB7FD99001AD3ED /* Release */ = {
			isa = XCBuildConfiguration;
			buildSettings = {
				ALWAYS_SEARCH_USER_PATHS = NO;
				ASSETCATALOG_COMPILER_GENERATE_SWIFT_ASSET_SYMBOL_EXTENSIONS = YES;
				CLANG_ANALYZER_NONNULL = YES;
				CLANG_ANALYZER_NUMBER_OBJECT_CONVERSION = YES_AGGRESSIVE;
				CLANG_CXX_LANGUAGE_STANDARD = "gnu++20";
				CLANG_ENABLE_MODULES = YES;
				CLANG_ENABLE_OBJC_ARC = YES;
				CLANG_ENABLE_OBJC_WEAK = YES;
				CLANG_WARN_BLOCK_CAPTURE_AUTORELEASING = YES;
				CLANG_WARN_BOOL_CONVERSION = YES;
				CLANG_WARN_COMMA = YES;
				CLANG_WARN_CONSTANT_CONVERSION = YES;
				CLANG_WARN_DEPRECATED_OBJC_IMPLEMENTATIONS = YES;
				CLANG_WARN_DIRECT_OBJC_ISA_USAGE = YES_ERROR;
				CLANG_WARN_DOCUMENTATION_COMMENTS = YES;
				CLANG_WARN_EMPTY_BODY = YES;
				CLANG_WARN_ENUM_CONVERSION = YES;
				CLANG_WARN_INFINITE_RECURSION = YES;
				CLANG_WARN_INT_CONVERSION = YES;
				CLANG_WARN_NON_LITERAL_NULL_CONVERSION = YES;
				CLANG_WARN_OBJC_IMPLICIT_RETAIN_SELF = YES;
				CLANG_WARN_OBJC_LITERAL_CONVERSION = YES;
				CLANG_WARN_OBJC_ROOT_CLASS = YES_ERROR;
				CLANG_WARN_QUOTED_INCLUDE_IN_FRAMEWORK_HEADER = YES;
				CLANG_WARN_RANGE_LOOP_ANALYSIS = YES;
				CLANG_WARN_STRICT_PROTOTYPES = YES;
				CLANG_WARN_SUSPICIOUS_MOVE = YES;
				CLANG_WARN_UNGUARDED_AVAILABILITY = YES_AGGRESSIVE;
				CLANG_WARN_UNREACHABLE_CODE = YES;
				CLANG_WARN__DUPLICATE_METHOD_MATCH = YES;
				COPY_PHASE_STRIP = NO;
				DEBUG_INFORMATION_FORMAT = "dwarf-with-dsym";
				ENABLE_NS_ASSERTIONS = NO;
				ENABLE_STRICT_OBJC_MSGSEND = YES;
				ENABLE_USER_SCRIPT_SANDBOXING = YES;
				GCC_C_LANGUAGE_STANDARD = gnu17;
				GCC_NO_COMMON_BLOCKS = YES;
				GCC_WARN_64_TO_32_BIT_CONVERSION = YES;
				GCC_WARN_ABOUT_RETURN_TYPE = YES_ERROR;
				GCC_WARN_UNDECLARED_SELECTOR = YES;
				GCC_WARN_UNINITIALIZED_AUTOS = YES_AGGRESSIVE;
				GCC_WARN_UNUSED_FUNCTION = YES;
				GCC_WARN_UNUSED_VARIABLE = YES;
				IPHONEOS_DEPLOYMENT_TARGET = 17.5;
				LOCALIZATION_PREFERS_STRING_CATALOGS = YES;
				MTL_ENABLE_DEBUG_INFO = NO;
				MTL_FAST_MATH = YES;
				SDKROOT = iphoneos;
				SWIFT_COMPILATION_MODE = wholemodule;
				VALIDATE_PRODUCT = YES;
			};
			name = Release;
		};
		F0A6940F2CB7FD99001AD3ED /* Debug */ = {
			isa = XCBuildConfiguration;
			buildSettings = {
				ASSETCATALOG_COMPILER_APPICON_NAME = AppIcon;
				ASSETCATALOG_COMPILER_GLOBAL_ACCENT_COLOR_NAME = AccentColor;
				CLANG_ENABLE_MODULES = YES;
				CODE_SIGN_STYLE = Automatic;
				CURRENT_PROJECT_VERSION = 1;
				DEVELOPMENT_ASSET_PATHS = "\"Recipe App/Preview Content\"";
				DEVELOPMENT_TEAM = Y8QX5VNKR9;
				ENABLE_PREVIEWS = YES;
				GENERATE_INFOPLIST_FILE = YES;
				INFOPLIST_FILE = "Recipe-App-Info.plist";
				INFOPLIST_KEY_CFBundleDisplayName = "";
				INFOPLIST_KEY_LSApplicationCategoryType = "";
				INFOPLIST_KEY_NSCameraUsageDescription = "use camera";
				INFOPLIST_KEY_NSPhotoLibraryUsageDescription = "use photo library";
				INFOPLIST_KEY_UIApplicationSceneManifest_Generation = YES;
				INFOPLIST_KEY_UIApplicationSupportsIndirectInputEvents = YES;
				INFOPLIST_KEY_UILaunchScreen_Generation = YES;
				INFOPLIST_KEY_UISupportedInterfaceOrientations_iPad = "UIInterfaceOrientationPortrait UIInterfaceOrientationPortraitUpsideDown UIInterfaceOrientationLandscapeLeft UIInterfaceOrientationLandscapeRight";
				INFOPLIST_KEY_UISupportedInterfaceOrientations_iPhone = "UIInterfaceOrientationPortrait UIInterfaceOrientationLandscapeLeft UIInterfaceOrientationLandscapeRight";
				LD_RUNPATH_SEARCH_PATHS = (
					"$(inherited)",
					"@executable_path/Frameworks",
				);
				MARKETING_VERSION = 1.0;
				PRODUCT_BUNDLE_IDENTIFIER = hk.hku.eee.courselist;
				PRODUCT_NAME = "$(TARGET_NAME)";
				SWIFT_EMIT_LOC_STRINGS = YES;
				SWIFT_OPTIMIZATION_LEVEL = "-Onone";
				SWIFT_VERSION = 5.0;
				TARGETED_DEVICE_FAMILY = "1,2";
			};
			name = Debug;
		};
		F0A694102CB7FD99001AD3ED /* Release */ = {
			isa = XCBuildConfiguration;
			buildSettings = {
				ASSETCATALOG_COMPILER_APPICON_NAME = AppIcon;
				ASSETCATALOG_COMPILER_GLOBAL_ACCENT_COLOR_NAME = AccentColor;
				CLANG_ENABLE_MODULES = YES;
				CODE_SIGN_STYLE = Automatic;
				CURRENT_PROJECT_VERSION = 1;
				DEVELOPMENT_ASSET_PATHS = "\"Recipe App/Preview Content\"";
				DEVELOPMENT_TEAM = Y8QX5VNKR9;
				ENABLE_PREVIEWS = YES;
				GENERATE_INFOPLIST_FILE = YES;
				INFOPLIST_FILE = "Recipe-App-Info.plist";
				INFOPLIST_KEY_CFBundleDisplayName = "";
				INFOPLIST_KEY_LSApplicationCategoryType = "";
				INFOPLIST_KEY_NSCameraUsageDescription = "use camera";
				INFOPLIST_KEY_NSPhotoLibraryUsageDescription = "use photo library";
				INFOPLIST_KEY_UIApplicationSceneManifest_Generation = YES;
				INFOPLIST_KEY_UIApplicationSupportsIndirectInputEvents = YES;
				INFOPLIST_KEY_UILaunchScreen_Generation = YES;
				INFOPLIST_KEY_UISupportedInterfaceOrientations_iPad = "UIInterfaceOrientationPortrait UIInterfaceOrientationPortraitUpsideDown UIInterfaceOrientationLandscapeLeft UIInterfaceOrientationLandscapeRight";
				INFOPLIST_KEY_UISupportedInterfaceOrientations_iPhone = "UIInterfaceOrientationPortrait UIInterfaceOrientationLandscapeLeft UIInterfaceOrientationLandscapeRight";
				LD_RUNPATH_SEARCH_PATHS = (
					"$(inherited)",
					"@executable_path/Frameworks",
				);
				MARKETING_VERSION = 1.0;
				PRODUCT_BUNDLE_IDENTIFIER = hk.hku.eee.courselist;
				PRODUCT_NAME = "$(TARGET_NAME)";
				SWIFT_EMIT_LOC_STRINGS = YES;
				SWIFT_VERSION = 5.0;
				TARGETED_DEVICE_FAMILY = "1,2";
			};
			name = Release;
		};
/* End XCBuildConfiguration section */

/* Begin XCConfigurationList section */
		F0A693FB2CB7FD8E001AD3ED /* Build configuration list for PBXProject "Recipe App" */ = {
			isa = XCConfigurationList;
			buildConfigurations = (
				F0A6940C2CB7FD99001AD3ED /* Debug */,
				F0A6940D2CB7FD99001AD3ED /* Release */,
			);
			defaultConfigurationIsVisible = 0;
			defaultConfigurationName = Release;
		};
		F0A6940E2CB7FD99001AD3ED /* Build configuration list for PBXNativeTarget "Recipe App" */ = {
			isa = XCConfigurationList;
			buildConfigurations = (
				F0A6940F2CB7FD99001AD3ED /* Debug */,
				F0A694102CB7FD99001AD3ED /* Release */,
			);
			defaultConfigurationIsVisible = 0;
			defaultConfigurationName = Release;
		};
/* End XCConfigurationList section */
	};
	rootObject = F0A693F82CB7FD8E001AD3ED /* Project object */;
}
